
Microsoft Visual Studio Solution File, Format Version 12.00
# Visual Studio 15
Project("{FAE04EC0-301F-11D3-BF4B-00C04F79EFBC}") = "ResistorColor", "ResistorColor.csproj", "{268079AD-5902-4246-B627-3B82CDFF304A}"
EndProject
Global
	GlobalSection(SolutionConfigurationPlatforms) = preSolution
		Debug|Any CPU = Debug|Any CPU
		Release|Any CPU = Release|Any CPU
	EndGlobalSection
	GlobalSection(ProjectConfigurationPlatforms) = postSolution
		{268079AD-5902-4246-B627-3B82CDFF304A}.Debug|Any CPU.ActiveCfg = Debug|Any CPU
		{268079AD-5902-4246-B627-3B82CDFF304A}.Debug|Any CPU.Build.0 = Debug|Any CPU
		{268079AD-5902-4246-B627-3B82CDFF304A}.Release|Any CPU.ActiveCfg = Release|Any CPU
		{268079AD-5902-4246-B627-3B82CDFF304A}.Release|Any CPU.Build.0 = Release|Any CPU
	EndGlobalSection
EndGlobal
