
Microsoft Visual Studio Solution File, Format Version 12.00
# Visual Studio 15
Project("{FAE04EC0-301F-11D3-BF4B-00C04F79EFBC}") = "Isogram", "Isogram.csproj", "{A6705D34-E689-4A40-B068-6EED59514346}"
EndProject
Global
	GlobalSection(SolutionConfigurationPlatforms) = preSolution
		Debug|Any CPU = Debug|Any CPU
		Release|Any CPU = Release|Any CPU
	EndGlobalSection
	GlobalSection(ProjectConfigurationPlatforms) = postSolution
		{A6705D34-E689-4A40-B068-6EED59514346}.Debug|Any CPU.ActiveCfg = Debug|Any CPU
		{A6705D34-E689-4A40-B068-6EED59514346}.Debug|Any CPU.Build.0 = Debug|Any CPU
		{A6705D34-E689-4A40-B068-6EED59514346}.Release|Any CPU.ActiveCfg = Release|Any CPU
		{A6705D34-E689-4A40-B068-6EED59514346}.Release|Any CPU.Build.0 = Release|Any CPU
	EndGlobalSection
EndGlobal
